
Microsoft Visual Studio Solution File, Format Version 12.00
# Visual Studio Version 17
VisualStudioVersion = 17.11.35125.118
MinimumVisualStudioVersion = 10.0.40219.1
Project("{FAE04EC0-301F-11D3-BF4B-00C04F79EFBC}") = "Log4", "Log4\Log4.csproj", "{6FC0CF4F-8DF4-475B-AD12-1F57D40001EE}"
EndProject
Global
	GlobalSection(SolutionConfigurationPlatforms) = preSolution
		Debug|Any CPU = Debug|Any CPU
		Release|Any CPU = Release|Any CPU
	EndGlobalSection
	GlobalSection(ProjectConfigurationPlatforms) = postSolution
		{6FC0CF4F-8DF4-475B-AD12-1F57D40001EE}.Debug|Any CPU.ActiveCfg = Debug|Any CPU
		{6FC0CF4F-8DF4-475B-AD12-1F57D40001EE}.Debug|Any CPU.Build.0 = Debug|Any CPU
		{6FC0CF4F-8DF4-475B-AD12-1F57D40001EE}.Release|Any CPU.ActiveCfg = Release|Any CPU
		{6FC0CF4F-8DF4-475B-AD12-1F57D40001EE}.Release|Any CPU.Build.0 = Release|Any CPU
	EndGlobalSection
	GlobalSection(SolutionProperties) = preSolution
		HideSolutionNode = FALSE
	EndGlobalSection
	GlobalSection(ExtensibilityGlobals) = postSolution
		SolutionGuid = {765E48FF-8DEE-4AFD-83D0-8AC341DB6C51}
	EndGlobalSection
EndGlobal
